
Microsoft Visual Studio Solution File, Format Version 11.00
# Visual Studio 2010
Project("{FAE04EC0-301F-11D3-BF4B-00C04F79EFBC}") = "Parametros", "Parametros.csproj", "{C6568DBF-BC5E-4CF6-B0DF-FD2A1C7C7978}"
EndProject
Project("{FAE04EC0-301F-11D3-BF4B-00C04F79EFBC}") = "Administrador Parametros", "Administrador Parametros\Administrador Parametros\Administrador Parametros.csproj", "{CF0CF831-2CD2-4D7E-B834-5E241B06DF5C}"
EndProject
Global
	GlobalSection(SolutionConfigurationPlatforms) = preSolution
		Debug|Any CPU = Debug|Any CPU
		Debug|Mixed Platforms = Debug|Mixed Platforms
		Debug|x86 = Debug|x86
		Release|Any CPU = Release|Any CPU
		Release|Mixed Platforms = Release|Mixed Platforms
		Release|x86 = Release|x86
	EndGlobalSection
	GlobalSection(ProjectConfigurationPlatforms) = postSolution
		{C6568DBF-BC5E-4CF6-B0DF-FD2A1C7C7978}.Debug|Any CPU.ActiveCfg = Debug|Any CPU
		{C6568DBF-BC5E-4CF6-B0DF-FD2A1C7C7978}.Debug|Any CPU.Build.0 = Debug|Any CPU
		{C6568DBF-BC5E-4CF6-B0DF-FD2A1C7C7978}.Debug|Mixed Platforms.ActiveCfg = Debug|Any CPU
		{C6568DBF-BC5E-4CF6-B0DF-FD2A1C7C7978}.Debug|Mixed Platforms.Build.0 = Debug|Any CPU
		{C6568DBF-BC5E-4CF6-B0DF-FD2A1C7C7978}.Debug|x86.ActiveCfg = Debug|Any CPU
		{C6568DBF-BC5E-4CF6-B0DF-FD2A1C7C7978}.Release|Any CPU.ActiveCfg = Release|Any CPU
		{C6568DBF-BC5E-4CF6-B0DF-FD2A1C7C7978}.Release|Any CPU.Build.0 = Release|Any CPU
		{C6568DBF-BC5E-4CF6-B0DF-FD2A1C7C7978}.Release|Mixed Platforms.ActiveCfg = Release|Any CPU
		{C6568DBF-BC5E-4CF6-B0DF-FD2A1C7C7978}.Release|Mixed Platforms.Build.0 = Release|Any CPU
		{C6568DBF-BC5E-4CF6-B0DF-FD2A1C7C7978}.Release|x86.ActiveCfg = Release|Any CPU
		{CF0CF831-2CD2-4D7E-B834-5E241B06DF5C}.Debug|Any CPU.ActiveCfg = Debug|x86
		{CF0CF831-2CD2-4D7E-B834-5E241B06DF5C}.Debug|Mixed Platforms.ActiveCfg = Debug|x86
		{CF0CF831-2CD2-4D7E-B834-5E241B06DF5C}.Debug|Mixed Platforms.Build.0 = Debug|x86
		{CF0CF831-2CD2-4D7E-B834-5E241B06DF5C}.Debug|x86.ActiveCfg = Debug|x86
		{CF0CF831-2CD2-4D7E-B834-5E241B06DF5C}.Debug|x86.Build.0 = Debug|x86
		{CF0CF831-2CD2-4D7E-B834-5E241B06DF5C}.Release|Any CPU.ActiveCfg = Release|x86
		{CF0CF831-2CD2-4D7E-B834-5E241B06DF5C}.Release|Mixed Platforms.ActiveCfg = Release|x86
		{CF0CF831-2CD2-4D7E-B834-5E241B06DF5C}.Release|Mixed Platforms.Build.0 = Release|x86
		{CF0CF831-2CD2-4D7E-B834-5E241B06DF5C}.Release|x86.ActiveCfg = Release|x86
		{CF0CF831-2CD2-4D7E-B834-5E241B06DF5C}.Release|x86.Build.0 = Release|x86
	EndGlobalSection
	GlobalSection(SolutionProperties) = preSolution
		HideSolutionNode = FALSE
	EndGlobalSection
EndGlobal
